{
  "name": "@xorkevin/nuke-workspaces",
  "version": "0.1.0",
  "lockfileVersion": 2,
  "requires": true,
  "packages": {
    "": {
      "name": "@xorkevin/nuke-workspaces",
      "version": "0.1.0",
      "license": "MPL-2.0",
      "workspaces": [
        "packages/nuke"
      ],
      "devDependencies": {}
    },
    "node_modules/@xorkevin/nuke": {
      "resolved": "packages/nuke",
      "link": true
    },
    "packages/nuke": {
      "name": "@xorkevin/nuke",
      "version": "0.1.29",
      "license": "MPL-2.0",
      "devDependencies": {}
    }
  },
  "dependencies": {
    "@xorkevin/nuke": {
      "version": "file:packages/nuke"
    }
  }
}
